// !$*UTF8*$!
{
	archiveVersion = 1;
	classes = {
	};
	objectVersion = 56;
	objects = {

/* Begin PBXBuildFile section */
		D0B9CB062CD87AEB0025DDB8 /* AppDelegate.swift in Sources */ = {isa = PBXBuildFile; fileRef = D0B9CB052CD87AEB0025DDB8 /* AppDelegate.swift */; };
		D0B9CB082CD87AEB0025DDB8 /* SceneDelegate.swift in Sources */ = {isa = PBXBuildFile; fileRef = D0B9CB072CD87AEB0025DDB8 /* SceneDelegate.swift */; };
		D0B9CB0A2CD87AEB0025DDB8 /* ViewController.swift in Sources */ = {isa = PBXBuildFile; fileRef = D0B9CB092CD87AEB0025DDB8 /* ViewController.swift */; };
		D0B9CB0D2CD87AEB0025DDB8 /* Main.storyboard in Resources */ = {isa = PBXBuildFile; fileRef = D0B9CB0B2CD87AEB0025DDB8 /* Main.storyboard */; };
		D0B9CB0F2CD87AEF0025DDB8 /* Assets.xcassets in Resources */ = {isa = PBXBuildFile; fileRef = D0B9CB0E2CD87AEF0025DDB8 /* Assets.xcassets */; };
		D0B9CB122CD87AEF0025DDB8 /* LaunchScreen.storyboard in Resources */ = {isa = PBXBuildFile; fileRef = D0B9CB102CD87AEF0025DDB8 /* LaunchScreen.storyboard */; };
		D0B9CB1D2CD87AF00025DDB8 /* CityAirportSearchTests.swift in Sources */ = {isa = PBXBuildFile; fileRef = D0B9CB1C2CD87AF00025DDB8 /* CityAirportSearchTests.swift */; };
		D0B9CB272CD87AF00025DDB8 /* CityAirportSearchUITests.swift in Sources */ = {isa = PBXBuildFile; fileRef = D0B9CB262CD87AF00025DDB8 /* CityAirportSearchUITests.swift */; };
		D0B9CB292CD87AF00025DDB8 /* CityAirportSearchUITestsLaunchTests.swift in Sources */ = {isa = PBXBuildFile; fileRef = D0B9CB282CD87AF00025DDB8 /* CityAirportSearchUITestsLaunchTests.swift */; };
/* End PBXBuildFile section */

/* Begin PBXContainerItemProxy section */
		D0B9CB192CD87AF00025DDB8 /* PBXContainerItemProxy */ = {
			isa = PBXContainerItemProxy;
			containerPortal = D0B9CAFA2CD87AEB0025DDB8 /* Project object */;
			proxyType = 1;
			remoteGlobalIDString = D0B9CB012CD87AEB0025DDB8;
			remoteInfo = CityAirportSearch;
		};
		D0B9CB232CD87AF00025DDB8 /* PBXContainerItemProxy */ = {
			isa = PBXContainerItemProxy;
			containerPortal = D0B9CAFA2CD87AEB0025DDB8 /* Project object */;
			proxyType = 1;
			remoteGlobalIDString = D0B9CB012CD87AEB0025DDB8;
			remoteInfo = CityAirportSearch;
		};
/* End PBXContainerItemProxy section */

/* Begin PBXFileReference section */
		D0B9CB022CD87AEB0025DDB8 /* CityAirportSearch.app */ = {isa = PBXFileReference; explicitFileType = wrapper.application; includeInIndex = 0; path = CityAirportSearch.app; sourceTree = BUILT_PRODUCTS_DIR; };
		D0B9CB052CD87AEB0025DDB8 /* AppDelegate.swift */ = {isa = PBXFileReference; lastKnownFileType = sourcecode.swift; path = AppDelegate.swift; sourceTree = "<group>"; };
		D0B9CB072CD87AEB0025DDB8 /* SceneDelegate.swift */ = {isa = PBXFileReference; lastKnownFileType = sourcecode.swift; path = SceneDelegate.swift; sourceTree = "<group>"; };
		D0B9CB092CD87AEB0025DDB8 /* ViewController.swift */ = {isa = PBXFileReference; lastKnownFileType = sourcecode.swift; path = ViewController.swift; sourceTree = "<group>"; };
		D0B9CB0C2CD87AEB0025DDB8 /* Base */ = {isa = PBXFileReference; lastKnownFileType = file.storyboard; name = Base; path = Base.lproj/Main.storyboard; sourceTree = "<group>"; };
		D0B9CB0E2CD87AEF0025DDB8 /* Assets.xcassets */ = {isa = PBXFileReference; lastKnownFileType = folder.assetcatalog; path = Assets.xcassets; sourceTree = "<group>"; };
		D0B9CB112CD87AEF0025DDB8 /* Base */ = {isa = PBXFileReference; lastKnownFileType = file.storyboard; name = Base; path = Base.lproj/LaunchScreen.storyboard; sourceTree = "<group>"; };
		D0B9CB132CD87AEF0025DDB8 /* Info.plist */ = {isa = PBXFileReference; lastKnownFileType = text.plist.xml; path = Info.plist; sourceTree = "<group>"; };
		D0B9CB182CD87AF00025DDB8 /* CityAirportSearchTests.xctest */ = {isa = PBXFileReference; explicitFileType = wrapper.cfbundle; includeInIndex = 0; path = CityAirportSearchTests.xctest; sourceTree = BUILT_PRODUCTS_DIR; };
		D0B9CB1C2CD87AF00025DDB8 /* CityAirportSearchTests.swift */ = {isa = PBXFileReference; lastKnownFileType = sourcecode.swift; path = CityAirportSearchTests.swift; sourceTree = "<group>"; };
		D0B9CB222CD87AF00025DDB8 /* CityAirportSearchUITests.xctest */ = {isa = PBXFileReference; explicitFileType = wrapper.cfbundle; includeInIndex = 0; path = CityAirportSearchUITests.xctest; sourceTree = BUILT_PRODUCTS_DIR; };
		D0B9CB262CD87AF00025DDB8 /* CityAirportSearchUITests.swift */ = {isa = PBXFileReference; lastKnownFileType = sourcecode.swift; path = CityAirportSearchUITests.swift; sourceTree = "<group>"; };
		D0B9CB282CD87AF00025DDB8 /* CityAirportSearchUITestsLaunchTests.swift */ = {isa = PBXFileReference; lastKnownFileType = sourcecode.swift; path = CityAirportSearchUITestsLaunchTests.swift; sourceTree = "<group>"; };
/* End PBXFileReference section */

/* Begin PBXFrameworksBuildPhase section */
		D0B9CAFF2CD87AEB0025DDB8 /* Frameworks */ = {
			isa = PBXFrameworksBuildPhase;
			buildActionMask = 2147483647;
			files = (
			);
			runOnlyForDeploymentPostprocessing = 0;
		};
		D0B9CB152CD87AF00025DDB8 /* Frameworks */ = {
			isa = PBXFrameworksBuildPhase;
			buildActionMask = 2147483647;
			files = (
			);
			runOnlyForDeploymentPostprocessing = 0;
		};
		D0B9CB1F2CD87AF00025DDB8 /* Frameworks */ = {
			isa = PBXFrameworksBuildPhase;
			buildActionMask = 2147483647;
			files = (
			);
			runOnlyForDeploymentPostprocessing = 0;
		};
/* End PBXFrameworksBuildPhase section */

/* Begin PBXGroup section */
		D0B9CAF92CD87AEB0025DDB8 = {
			isa = PBXGroup;
			children = (
				D0B9CB042CD87AEB0025DDB8 /* CityAirportSearch */,
				D0B9CB1B2CD87AF00025DDB8 /* CityAirportSearchTests */,
				D0B9CB252CD87AF00025DDB8 /* CityAirportSearchUITests */,
				D0B9CB032CD87AEB0025DDB8 /* Products */,
			);
			sourceTree = "<group>";
		};
		D0B9CB032CD87AEB0025DDB8 /* Products */ = {
			isa = PBXGroup;
			children = (
				D0B9CB022CD87AEB0025DDB8 /* CityAirportSearch.app */,
				D0B9CB182CD87AF00025DDB8 /* CityAirportSearchTests.xctest */,
				D0B9CB222CD87AF00025DDB8 /* CityAirportSearchUITests.xctest */,
			);
			name = Products;
			sourceTree = "<group>";
		};
		D0B9CB042CD87AEB0025DDB8 /* CityAirportSearch */ = {
			isa = PBXGroup;
			children = (
				D0B9CB052CD87AEB0025DDB8 /* AppDelegate.swift */,
				D0B9CB072CD87AEB0025DDB8 /* SceneDelegate.swift */,
				D0B9CB092CD87AEB0025DDB8 /* ViewController.swift */,
				D0B9CB0B2CD87AEB0025DDB8 /* Main.storyboard */,
				D0B9CB0E2CD87AEF0025DDB8 /* Assets.xcassets */,
				D0B9CB102CD87AEF0025DDB8 /* LaunchScreen.storyboard */,
				D0B9CB132CD87AEF0025DDB8 /* Info.plist */,
			);
			path = CityAirportSearch;
			sourceTree = "<group>";
		};
		D0B9CB1B2CD87AF00025DDB8 /* CityAirportSearchTests */ = {
			isa = PBXGroup;
			children = (
				D0B9CB1C2CD87AF00025DDB8 /* CityAirportSearchTests.swift */,
			);
			path = CityAirportSearchTests;
			sourceTree = "<group>";
		};
		D0B9CB252CD87AF00025DDB8 /* CityAirportSearchUITests */ = {
			isa = PBXGroup;
			children = (
				D0B9CB262CD87AF00025DDB8 /* CityAirportSearchUITests.swift */,
				D0B9CB282CD87AF00025DDB8 /* CityAirportSearchUITestsLaunchTests.swift */,
			);
			path = CityAirportSearchUITests;
			sourceTree = "<group>";
		};
/* End PBXGroup section */

/* Begin PBXNativeTarget section */
		D0B9CB012CD87AEB0025DDB8 /* CityAirportSearch */ = {
			isa = PBXNativeTarget;
			buildConfigurationList = D0B9CB2C2CD87AF00025DDB8 /* Build configuration list for PBXNativeTarget "CityAirportSearch" */;
			buildPhases = (
				D0B9CAFE2CD87AEB0025DDB8 /* Sources */,
				D0B9CAFF2CD87AEB0025DDB8 /* Frameworks */,
				D0B9CB002CD87AEB0025DDB8 /* Resources */,
			);
			buildRules = (
			);
			dependencies = (
			);
			name = CityAirportSearch;
			productName = CityAirportSearch;
			productReference = D0B9CB022CD87AEB0025DDB8 /* CityAirportSearch.app */;
			productType = "com.apple.product-type.application";
		};
		D0B9CB172CD87AF00025DDB8 /* CityAirportSearchTests */ = {
			isa = PBXNativeTarget;
			buildConfigurationList = D0B9CB2F2CD87AF00025DDB8 /* Build configuration list for PBXNativeTarget "CityAirportSearchTests" */;
			buildPhases = (
				D0B9CB142CD87AF00025DDB8 /* Sources */,
				D0B9CB152CD87AF00025DDB8 /* Frameworks */,
				D0B9CB162CD87AF00025DDB8 /* Resources */,
			);
			buildRules = (
			);
			dependencies = (
				D0B9CB1A2CD87AF00025DDB8 /* PBXTargetDependency */,
			);
			name = CityAirportSearchTests;
			productName = CityAirportSearchTests;
			productReference = D0B9CB182CD87AF00025DDB8 /* CityAirportSearchTests.xctest */;
			productType = "com.apple.product-type.bundle.unit-test";
		};
		D0B9CB212CD87AF00025DDB8 /* CityAirportSearchUITests */ = {
			isa = PBXNativeTarget;
			buildConfigurationList = D0B9CB322CD87AF00025DDB8 /* Build configuration list for PBXNativeTarget "CityAirportSearchUITests" */;
			buildPhases = (
				D0B9CB1E2CD87AF00025DDB8 /* Sources */,
				D0B9CB1F2CD87AF00025DDB8 /* Frameworks */,
				D0B9CB202CD87AF00025DDB8 /* Resources */,
			);
			buildRules = (
			);
			dependencies = (
				D0B9CB242CD87AF00025DDB8 /* PBXTargetDependency */,
			);
			name = CityAirportSearchUITests;
			productName = CityAirportSearchUITests;
			productReference = D0B9CB222CD87AF00025DDB8 /* CityAirportSearchUITests.xctest */;
			productType = "com.apple.product-type.bundle.ui-testing";
		};
/* End PBXNativeTarget section */

/* Begin PBXProject section */
		D0B9CAFA2CD87AEB0025DDB8 /* Project object */ = {
			isa = PBXProject;
			attributes = {
				BuildIndependentTargetsInParallel = 1;
				LastSwiftUpdateCheck = 1520;
				LastUpgradeCheck = 1520;
				TargetAttributes = {
					D0B9CB012CD87AEB0025DDB8 = {
						CreatedOnToolsVersion = 15.2;
					};
					D0B9CB172CD87AF00025DDB8 = {
						CreatedOnToolsVersion = 15.2;
						TestTargetID = D0B9CB012CD87AEB0025DDB8;
					};
					D0B9CB212CD87AF00025DDB8 = {
						CreatedOnToolsVersion = 15.2;
						TestTargetID = D0B9CB012CD87AEB0025DDB8;
					};
				};
			};
			buildConfigurationList = D0B9CAFD2CD87AEB0025DDB8 /* Build configuration list for PBXProject "CityAirportSearch" */;
			compatibilityVersion = "Xcode 14.0";
			developmentRegion = en;
			hasScannedForEncodings = 0;
			knownRegions = (
				en,
				Base,
			);
			mainGroup = D0B9CAF92CD87AEB0025DDB8;
			productRefGroup = D0B9CB032CD87AEB0025DDB8 /* Products */;
			projectDirPath = "";
			projectRoot = "";
			targets = (
				D0B9CB012CD87AEB0025DDB8 /* CityAirportSearch */,
				D0B9CB172CD87AF00025DDB8 /* CityAirportSearchTests */,
				D0B9CB212CD87AF00025DDB8 /* CityAirportSearchUITests */,
			);
		};
/* End PBXProject section */

/* Begin PBXResourcesBuildPhase section */
		D0B9CB002CD87AEB0025DDB8 /* Resources */ = {
			isa = PBXResourcesBuildPhase;
			buildActionMask = 2147483647;
			files = (
				D0B9CB122CD87AEF0025DDB8 /* LaunchScreen.storyboard in Resources */,
				D0B9CB0F2CD87AEF0025DDB8 /* Assets.xcassets in Resources */,
				D0B9CB0D2CD87AEB0025DDB8 /* Main.storyboard in Resources */,
			);
			runOnlyForDeploymentPostprocessing = 0;
		};
		D0B9CB162CD87AF00025DDB8 /* Resources */ = {
			isa = PBXResourcesBuildPhase;
			buildActionMask = 2147483647;
			files = (
			);
			runOnlyForDeploymentPostprocessing = 0;
		};
		D0B9CB202CD87AF00025DDB8 /* Resources */ = {
			isa = PBXResourcesBuildPhase;
			buildActionMask = 2147483647;
			files = (
			);
			runOnlyForDeploymentPostprocessing = 0;
		};
/* End PBXResourcesBuildPhase section */

/* Begin PBXSourcesBuildPhase section */
		D0B9CAFE2CD87AEB0025DDB8 /* Sources */ = {
			isa = PBXSourcesBuildPhase;
			buildActionMask = 2147483647;
			files = (
				D0B9CB0A2CD87AEB0025DDB8 /* ViewController.swift in Sources */,
				D0B9CB062CD87AEB0025DDB8 /* AppDelegate.swift in Sources */,
				D0B9CB082CD87AEB0025DDB8 /* SceneDelegate.swift in Sources */,
			);
			runOnlyForDeploymentPostprocessing = 0;
		};
		D0B9CB142CD87AF00025DDB8 /* Sources */ = {
			isa = PBXSourcesBuildPhase;
			buildActionMask = 2147483647;
			files = (
				D0B9CB1D2CD87AF00025DDB8 /* CityAirportSearchTests.swift in Sources */,
			);
			runOnlyForDeploymentPostprocessing = 0;
		};
		D0B9CB1E2CD87AF00025DDB8 /* Sources */ = {
			isa = PBXSourcesBuildPhase;
			buildActionMask = 2147483647;
			files = (
				D0B9CB272CD87AF00025DDB8 /* CityAirportSearchUITests.swift in Sources */,
				D0B9CB292CD87AF00025DDB8 /* CityAirportSearchUITestsLaunchTests.swift in Sources */,
			);
			runOnlyForDeploymentPostprocessing = 0;
		};
/* End PBXSourcesBuildPhase section */

/* Begin PBXTargetDependency section */
		D0B9CB1A2CD87AF00025DDB8 /* PBXTargetDependency */ = {
			isa = PBXTargetDependency;
			target = D0B9CB012CD87AEB0025DDB8 /* CityAirportSearch */;
			targetProxy = D0B9CB192CD87AF00025DDB8 /* PBXContainerItemProxy */;
		};
		D0B9CB242CD87AF00025DDB8 /* PBXTargetDependency */ = {
			isa = PBXTargetDependency;
			target = D0B9CB012CD87AEB0025DDB8 /* CityAirportSearch */;
			targetProxy = D0B9CB232CD87AF00025DDB8 /* PBXContainerItemProxy */;
		};
/* End PBXTargetDependency section */

/* Begin PBXVariantGroup section */
		D0B9CB0B2CD87AEB0025DDB8 /* Main.storyboard */ = {
			isa = PBXVariantGroup;
			children = (
				D0B9CB0C2CD87AEB0025DDB8 /* Base */,
			);
			name = Main.storyboard;
			sourceTree = "<group>";
		};
		D0B9CB102CD87AEF0025DDB8 /* LaunchScreen.storyboard */ = {
			isa = PBXVariantGroup;
			children = (
				D0B9CB112CD87AEF0025DDB8 /* Base */,
			);
			name = LaunchScreen.storyboard;
			sourceTree = "<group>";
		};
/* End PBXVariantGroup section */

/* Begin XCBuildConfiguration section */
		D0B9CB2A2CD87AF00025DDB8 /* Debug */ = {
			isa = XCBuildConfiguration;
			buildSettings = {
				ALWAYS_SEARCH_USER_PATHS = NO;
				ASSETCATALOG_COMPILER_GENERATE_SWIFT_ASSET_SYMBOL_EXTENSIONS = YES;
				CLANG_ANALYZER_NONNULL = YES;
				CLANG_ANALYZER_NUMBER_OBJECT_CONVERSION = YES_AGGRESSIVE;
				CLANG_CXX_LANGUAGE_STANDARD = "gnu++20";
				CLANG_ENABLE_MODULES = YES;
				CLANG_ENABLE_OBJC_ARC = YES;
				CLANG_ENABLE_OBJC_WEAK = YES;
				CLANG_WARN_BLOCK_CAPTURE_AUTORELEASING = YES;
				CLANG_WARN_BOOL_CONVERSION = YES;
				CLANG_WARN_COMMA = YES;
				CLANG_WARN_CONSTANT_CONVERSION = YES;
				CLANG_WARN_DEPRECATED_OBJC_IMPLEMENTATIONS = YES;
				CLANG_WARN_DIRECT_OBJC_ISA_USAGE = YES_ERROR;
				CLANG_WARN_DOCUMENTATION_COMMENTS = YES;
				CLANG_WARN_EMPTY_BODY = YES;
				CLANG_WARN_ENUM_CONVERSION = YES;
				CLANG_WARN_INFINITE_RECURSION = YES;
				CLANG_WARN_INT_CONVERSION = YES;
				CLANG_WARN_NON_LITERAL_NULL_CONVERSION = YES;
				CLANG_WARN_OBJC_IMPLICIT_RETAIN_SELF = YES;
				CLANG_WARN_OBJC_LITERAL_CONVERSION = YES;
				CLANG_WARN_OBJC_ROOT_CLASS = YES_ERROR;
				CLANG_WARN_QUOTED_INCLUDE_IN_FRAMEWORK_HEADER = YES;
				CLANG_WARN_RANGE_LOOP_ANALYSIS = YES;
				CLANG_WARN_STRICT_PROTOTYPES = YES;
				CLANG_WARN_SUSPICIOUS_MOVE = YES;
				CLANG_WARN_UNGUARDED_AVAILABILITY = YES_AGGRESSIVE;
				CLANG_WARN_UNREACHABLE_CODE = YES;
				CLANG_WARN__DUPLICATE_METHOD_MATCH = YES;
				COPY_PHASE_STRIP = NO;
				DEBUG_INFORMATION_FORMAT = dwarf;
				ENABLE_STRICT_OBJC_MSGSEND = YES;
				ENABLE_TESTABILITY = YES;
				ENABLE_USER_SCRIPT_SANDBOXING = YES;
				GCC_C_LANGUAGE_STANDARD = gnu17;
				GCC_DYNAMIC_NO_PIC = NO;
				GCC_NO_COMMON_BLOCKS = YES;
				GCC_OPTIMIZATION_LEVEL = 0;
				GCC_PREPROCESSOR_DEFINITIONS = (
					"DEBUG=1",
					"$(inherited)",
				);
				GCC_WARN_64_TO_32_BIT_CONVERSION = YES;
				GCC_WARN_ABOUT_RETURN_TYPE = YES_ERROR;
				GCC_WARN_UNDECLARED_SELECTOR = YES;
				GCC_WARN_UNINITIALIZED_AUTOS = YES_AGGRESSIVE;
				GCC_WARN_UNUSED_FUNCTION = YES;
				GCC_WARN_UNUSED_VARIABLE = YES;
				IPHONEOS_DEPLOYMENT_TARGET = 17.2;
				LOCALIZATION_PREFERS_STRING_CATALOGS = YES;
				MTL_ENABLE_DEBUG_INFO = INCLUDE_SOURCE;
				MTL_FAST_MATH = YES;
				ONLY_ACTIVE_ARCH = YES;
				SDKROOT = iphoneos;
				SWIFT_ACTIVE_COMPILATION_CONDITIONS = "DEBUG $(inherited)";
				SWIFT_OPTIMIZATION_LEVEL = "-Onone";
			};
			name = Debug;
		};
		D0B9CB2B2CD87AF00025DDB8 /* Release */ = {
			isa = XCBuildConfiguration;
			buildSettings = {
				ALWAYS_SEARCH_USER_PATHS = NO;
				ASSETCATALOG_COMPILER_GENERATE_SWIFT_ASSET_SYMBOL_EXTENSIONS = YES;
				CLANG_ANALYZER_NONNULL = YES;
				CLANG_ANALYZER_NUMBER_OBJECT_CONVERSION = YES_AGGRESSIVE;
				CLANG_CXX_LANGUAGE_STANDARD = "gnu++20";
				CLANG_ENABLE_MODULES = YES;
				CLANG_ENABLE_OBJC_ARC = YES;
				CLANG_ENABLE_OBJC_WEAK = YES;
				CLANG_WARN_BLOCK_CAPTURE_AUTORELEASING = YES;
				CLANG_WARN_BOOL_CONVERSION = YES;
				CLANG_WARN_COMMA = YES;
				CLANG_WARN_CONSTANT_CONVERSION = YES;
				CLANG_WARN_DEPRECATED_OBJC_IMPLEMENTATIONS = YES;
				CLANG_WARN_DIRECT_OBJC_ISA_USAGE = YES_ERROR;
				CLANG_WARN_DOCUMENTATION_COMMENTS = YES;
				CLANG_WARN_EMPTY_BODY = YES;
				CLANG_WARN_ENUM_CONVERSION = YES;
				CLANG_WARN_INFINITE_RECURSION = YES;
				CLANG_WARN_INT_CONVERSION = YES;
				CLANG_WARN_NON_LITERAL_NULL_CONVERSION = YES;
				CLANG_WARN_OBJC_IMPLICIT_RETAIN_SELF = YES;
				CLANG_WARN_OBJC_LITERAL_CONVERSION = YES;
				CLANG_WARN_OBJC_ROOT_CLASS = YES_ERROR;
				CLANG_WARN_QUOTED_INCLUDE_IN_FRAMEWORK_HEADER = YES;
				CLANG_WARN_RANGE_LOOP_ANALYSIS = YES;
				CLANG_WARN_STRICT_PROTOTYPES = YES;
				CLANG_WARN_SUSPICIOUS_MOVE = YES;
				CLANG_WARN_UNGUARDED_AVAILABILITY = YES_AGGRESSIVE;
				CLANG_WARN_UNREACHABLE_CODE = YES;
				CLANG_WARN__DUPLICATE_METHOD_MATCH = YES;
				COPY_PHASE_STRIP = NO;
				DEBUG_INFORMATION_FORMAT = "dwarf-with-dsym";
				ENABLE_NS_ASSERTIONS = NO;
				ENABLE_STRICT_OBJC_MSGSEND = YES;
				ENABLE_USER_SCRIPT_SANDBOXING = YES;
				GCC_C_LANGUAGE_STANDARD = gnu17;
				GCC_NO_COMMON_BLOCKS = YES;
				GCC_WARN_64_TO_32_BIT_CONVERSION = YES;
				GCC_WARN_ABOUT_RETURN_TYPE = YES_ERROR;
				GCC_WARN_UNDECLARED_SELECTOR = YES;
				GCC_WARN_UNINITIALIZED_AUTOS = YES_AGGRESSIVE;
				GCC_WARN_UNUSED_FUNCTION = YES;
				GCC_WARN_UNUSED_VARIABLE = YES;
				IPHONEOS_DEPLOYMENT_TARGET = 17.2;
				LOCALIZATION_PREFERS_STRING_CATALOGS = YES;
				MTL_ENABLE_DEBUG_INFO = NO;
				MTL_FAST_MATH = YES;
				SDKROOT = iphoneos;
				SWIFT_COMPILATION_MODE = wholemodule;
				VALIDATE_PRODUCT = YES;
			};
			name = Release;
		};
		D0B9CB2D2CD87AF00025DDB8 /* Debug */ = {
			isa = XCBuildConfiguration;
			buildSettings = {
				ASSETCATALOG_COMPILER_APPICON_NAME = AppIcon;
				ASSETCATALOG_COMPILER_GLOBAL_ACCENT_COLOR_NAME = AccentColor;
				CODE_SIGN_STYLE = Automatic;
				CURRENT_PROJECT_VERSION = 1;
				DEVELOPMENT_TEAM = 4HVBTM9MJJ;
				GENERATE_INFOPLIST_FILE = YES;
				INFOPLIST_FILE = CityAirportSearch/Info.plist;
				INFOPLIST_KEY_UIApplicationSupportsIndirectInputEvents = YES;
				INFOPLIST_KEY_UILaunchStoryboardName = LaunchScreen;
				INFOPLIST_KEY_UIMainStoryboardFile = Main;
				INFOPLIST_KEY_UISupportedInterfaceOrientations_iPad = "UIInterfaceOrientationPortrait UIInterfaceOrientationPortraitUpsideDown UIInterfaceOrientationLandscapeLeft UIInterfaceOrientationLandscapeRight";
				INFOPLIST_KEY_UISupportedInterfaceOrientations_iPhone = "UIInterfaceOrientationPortrait UIInterfaceOrientationLandscapeLeft UIInterfaceOrientationLandscapeRight";
				LD_RUNPATH_SEARCH_PATHS = (
					"$(inherited)",
					"@executable_path/Frameworks",
				);
				MARKETING_VERSION = 1.0;
				PRODUCT_BUNDLE_IDENTIFIER = com.haiph.test.CityAirportSearch;
				PRODUCT_NAME = "$(TARGET_NAME)";
				SWIFT_EMIT_LOC_STRINGS = YES;
				SWIFT_VERSION = 5.0;
				TARGETED_DEVICE_FAMILY = "1,2";
			};
			name = Debug;
		};
		D0B9CB2E2CD87AF00025DDB8 /* Release */ = {
			isa = XCBuildConfiguration;
			buildSettings = {
				ASSETCATALOG_COMPILER_APPICON_NAME = AppIcon;
				ASSETCATALOG_COMPILER_GLOBAL_ACCENT_COLOR_NAME = AccentColor;
				CODE_SIGN_STYLE = Automatic;
				CURRENT_PROJECT_VERSION = 1;
				DEVELOPMENT_TEAM = 4HVBTM9MJJ;
				GENERATE_INFOPLIST_FILE = YES;
				INFOPLIST_FILE = CityAirportSearch/Info.plist;
				INFOPLIST_KEY_UIApplicationSupportsIndirectInputEvents = YES;
				INFOPLIST_KEY_UILaunchStoryboardName = LaunchScreen;
				INFOPLIST_KEY_UIMainStoryboardFile = Main;
				INFOPLIST_KEY_UISupportedInterfaceOrientations_iPad = "UIInterfaceOrientationPortrait UIInterfaceOrientationPortraitUpsideDown UIInterfaceOrientationLandscapeLeft UIInterfaceOrientationLandscapeRight";
				INFOPLIST_KEY_UISupportedInterfaceOrientations_iPhone = "UIInterfaceOrientationPortrait UIInterfaceOrientationLandscapeLeft UIInterfaceOrientationLandscapeRight";
				LD_RUNPATH_SEARCH_PATHS = (
					"$(inherited)",
					"@executable_path/Frameworks",
				);
				MARKETING_VERSION = 1.0;
				PRODUCT_BUNDLE_IDENTIFIER = com.haiph.test.CityAirportSearch;
				PRODUCT_NAME = "$(TARGET_NAME)";
				SWIFT_EMIT_LOC_STRINGS = YES;
				SWIFT_VERSION = 5.0;
				TARGETED_DEVICE_FAMILY = "1,2";
			};
			name = Release;
		};
		D0B9CB302CD87AF00025DDB8 /* Debug */ = {
			isa = XCBuildConfiguration;
			buildSettings = {
				ALWAYS_EMBED_SWIFT_STANDARD_LIBRARIES = YES;
				BUNDLE_LOADER = "$(TEST_HOST)";
				CODE_SIGN_STYLE = Automatic;
				CURRENT_PROJECT_VERSION = 1;
				DEVELOPMENT_TEAM = 4HVBTM9MJJ;
				GENERATE_INFOPLIST_FILE = YES;
				IPHONEOS_DEPLOYMENT_TARGET = 17.2;
				MARKETING_VERSION = 1.0;
				PRODUCT_BUNDLE_IDENTIFIER = com.haiph.test.CityAirportSearchTests;
				PRODUCT_NAME = "$(TARGET_NAME)";
				SWIFT_EMIT_LOC_STRINGS = NO;
				SWIFT_VERSION = 5.0;
				TARGETED_DEVICE_FAMILY = "1,2";
				TEST_HOST = "$(BUILT_PRODUCTS_DIR)/CityAirportSearch.app/$(BUNDLE_EXECUTABLE_FOLDER_PATH)/CityAirportSearch";
			};
			name = Debug;
		};
		D0B9CB312CD87AF00025DDB8 /* Release */ = {
			isa = XCBuildConfiguration;
			buildSettings = {
				ALWAYS_EMBED_SWIFT_STANDARD_LIBRARIES = YES;
				BUNDLE_LOADER = "$(TEST_HOST)";
				CODE_SIGN_STYLE = Automatic;
				CURRENT_PROJECT_VERSION = 1;
				DEVELOPMENT_TEAM = 4HVBTM9MJJ;
				GENERATE_INFOPLIST_FILE = YES;
				IPHONEOS_DEPLOYMENT_TARGET = 17.2;
				MARKETING_VERSION = 1.0;
				PRODUCT_BUNDLE_IDENTIFIER = com.haiph.test.CityAirportSearchTests;
				PRODUCT_NAME = "$(TARGET_NAME)";
				SWIFT_EMIT_LOC_STRINGS = NO;
				SWIFT_VERSION = 5.0;
				TARGETED_DEVICE_FAMILY = "1,2";
				TEST_HOST = "$(BUILT_PRODUCTS_DIR)/CityAirportSearch.app/$(BUNDLE_EXECUTABLE_FOLDER_PATH)/CityAirportSearch";
			};
			name = Release;
		};
		D0B9CB332CD87AF00025DDB8 /* Debug */ = {
			isa = XCBuildConfiguration;
			buildSettings = {
				ALWAYS_EMBED_SWIFT_STANDARD_LIBRARIES = YES;
				CODE_SIGN_STYLE = Automatic;
				CURRENT_PROJECT_VERSION = 1;
				DEVELOPMENT_TEAM = 4HVBTM9MJJ;
				GENERATE_INFOPLIST_FILE = YES;
				MARKETING_VERSION = 1.0;
				PRODUCT_BUNDLE_IDENTIFIER = com.haiph.test.CityAirportSearchUITests;
				PRODUCT_NAME = "$(TARGET_NAME)";
				SWIFT_EMIT_LOC_STRINGS = NO;
				SWIFT_VERSION = 5.0;
				TARGETED_DEVICE_FAMILY = "1,2";
				TEST_TARGET_NAME = CityAirportSearch;
			};
			name = Debug;
		};
		D0B9CB342CD87AF00025DDB8 /* Release */ = {
			isa = XCBuildConfiguration;
			buildSettings = {
				ALWAYS_EMBED_SWIFT_STANDARD_LIBRARIES = YES;
				CODE_SIGN_STYLE = Automatic;
				CURRENT_PROJECT_VERSION = 1;
				DEVELOPMENT_TEAM = 4HVBTM9MJJ;
				GENERATE_INFOPLIST_FILE = YES;
				MARKETING_VERSION = 1.0;
				PRODUCT_BUNDLE_IDENTIFIER = com.haiph.test.CityAirportSearchUITests;
				PRODUCT_NAME = "$(TARGET_NAME)";
				SWIFT_EMIT_LOC_STRINGS = NO;
				SWIFT_VERSION = 5.0;
				TARGETED_DEVICE_FAMILY = "1,2";
				TEST_TARGET_NAME = CityAirportSearch;
			};
			name = Release;
		};
/* End XCBuildConfiguration section */

/* Begin XCConfigurationList section */
		D0B9CAFD2CD87AEB0025DDB8 /* Build configuration list for PBXProject "CityAirportSearch" */ = {
			isa = XCConfigurationList;
			buildConfigurations = (
				D0B9CB2A2CD87AF00025DDB8 /* Debug */,
				D0B9CB2B2CD87AF00025DDB8 /* Release */,
			);
			defaultConfigurationIsVisible = 0;
			defaultConfigurationName = Release;
		};
		D0B9CB2C2CD87AF00025DDB8 /* Build configuration list for PBXNativeTarget "CityAirportSearch" */ = {
			isa = XCConfigurationList;
			buildConfigurations = (
				D0B9CB2D2CD87AF00025DDB8 /* Debug */,
				D0B9CB2E2CD87AF00025DDB8 /* Release */,
			);
			defaultConfigurationIsVisible = 0;
			defaultConfigurationName = Release;
		};
		D0B9CB2F2CD87AF00025DDB8 /* Build configuration list for PBXNativeTarget "CityAirportSearchTests" */ = {
			isa = XCConfigurationList;
			buildConfigurations = (
				D0B9CB302CD87AF00025DDB8 /* Debug */,
				D0B9CB312CD87AF00025DDB8 /* Release */,
			);
			defaultConfigurationIsVisible = 0;
			defaultConfigurationName = Release;
		};
		D0B9CB322CD87AF00025DDB8 /* Build configuration list for PBXNativeTarget "CityAirportSearchUITests" */ = {
			isa = XCConfigurationList;
			buildConfigurations = (
				D0B9CB332CD87AF00025DDB8 /* Debug */,
				D0B9CB342CD87AF00025DDB8 /* Release */,
			);
			defaultConfigurationIsVisible = 0;
			defaultConfigurationName = Release;
		};
/* End XCConfigurationList section */
	};
	rootObject = D0B9CAFA2CD87AEB0025DDB8 /* Project object */;
}
